// !$*UTF8*$!
{
	archiveVersion = 1;
	classes = {
	};
	objectVersion = 46;
	objects = {

/* Begin PBXBuildFile section */
		56538F021DFFF8FF002A7F1C /* dbal_1.jpg in Resources */ = {isa = PBXBuildFile; fileRef = 56538EFC1DFFF8FF002A7F1C /* dbal_1.jpg */; };
		56538F031DFFF8FF002A7F1C /* dbal_2.jpg in Resources */ = {isa = PBXBuildFile; fileRef = 56538EFD1DFFF8FF002A7F1C /* dbal_2.jpg */; };
		56538F041DFFF8FF002A7F1C /* dbal_3.jpg in Resources */ = {isa = PBXBuildFile; fileRef = 56538EFE1DFFF8FF002A7F1C /* dbal_3.jpg */; };
		56538F051DFFF8FF002A7F1C /* dbal_4.jpg in Resources */ = {isa = PBXBuildFile; fileRef = 56538EFF1DFFF8FF002A7F1C /* dbal_4.jpg */; };
		56538F061DFFF8FF002A7F1C /* dbal_5.jpg in Resources */ = {isa = PBXBuildFile; fileRef = 56538F001DFFF8FF002A7F1C /* dbal_5.jpg */; };
		56538F071DFFF8FF002A7F1C /* dbal_6.jpg in Resources */ = {isa = PBXBuildFile; fileRef = 56538F011DFFF8FF002A7F1C /* dbal_6.jpg */; };
		56538F1B1DFFFACF002A7F1C /* IphoneIndexTableViewController.m in Sources */ = {isa = PBXBuildFile; fileRef = 56538F151DFFFACF002A7F1C /* IphoneIndexTableViewController.m */; };
		567ED3F11E0242B000405CF1 /* HPMovieViewController.m in Sources */ = {isa = PBXBuildFile; fileRef = 567ED3E71E0242B000405CF1 /* HPMovieViewController.m */; };
		567ED3F21E0242B000405CF1 /* HPScrollImageController.m in Sources */ = {isa = PBXBuildFile; fileRef = 567ED3E91E0242B000405CF1 /* HPScrollImageController.m */; };
		567ED3F31E0242B000405CF1 /* HPZoomViewController.m in Sources */ = {isa = PBXBuildFile; fileRef = 567ED3EB1E0242B000405CF1 /* HPZoomViewController.m */; };
		567ED3F41E0242B000405CF1 /* IpadCalculatorViewController.m in Sources */ = {isa = PBXBuildFile; fileRef = 567ED3ED1E0242B000405CF1 /* IpadCalculatorViewController.m */; };
		567ED3F51E0242B000405CF1 /* IpadIndexTableViewController.m in Sources */ = {isa = PBXBuildFile; fileRef = 567ED3EF1E0242B000405CF1 /* IpadIndexTableViewController.m */; };
		567ED3F81E0242CD00405CF1 /* IpadIndexTableViewModel.m in Sources */ = {isa = PBXBuildFile; fileRef = 567ED3F71E0242CD00405CF1 /* IpadIndexTableViewModel.m */; };
		567ED3FB1E024A6700405CF1 /* HPIpadBaseViewController.m in Sources */ = {isa = PBXBuildFile; fileRef = 567ED3FA1E024A6700405CF1 /* HPIpadBaseViewController.m */; };
		567ED3FE1E026F3800405CF1 /* Ipad720ViewController.m in Sources */ = {isa = PBXBuildFile; fileRef = 567ED3FD1E026F3800405CF1 /* Ipad720ViewController.m */; };
		567ED4011E02772F00405CF1 /* HPImageSequence.m in Sources */ = {isa = PBXBuildFile; fileRef = 567ED4001E02772F00405CF1 /* HPImageSequence.m */; };
		567ED40E1E0279E600405CF1 /* nk__0.jpg in Resources */ = {isa = PBXBuildFile; fileRef = 567ED4031E0279E600405CF1 /* nk__0.jpg */; };
		567ED40F1E0279E600405CF1 /* nk__1.jpg in Resources */ = {isa = PBXBuildFile; fileRef = 567ED4041E0279E600405CF1 /* nk__1.jpg */; };
		567ED4101E0279E600405CF1 /* nk__10.jpg in Resources */ = {isa = PBXBuildFile; fileRef = 567ED4051E0279E600405CF1 /* nk__10.jpg */; };
		567ED4111E0279E600405CF1 /* nk__2.jpg in Resources */ = {isa = PBXBuildFile; fileRef = 567ED4061E0279E600405CF1 /* nk__2.jpg */; };
		567ED4121E0279E600405CF1 /* nk__3.jpg in Resources */ = {isa = PBXBuildFile; fileRef = 567ED4071E0279E600405CF1 /* nk__3.jpg */; };
		567ED4131E0279E600405CF1 /* nk__4.jpg in Resources */ = {isa = PBXBuildFile; fileRef = 567ED4081E0279E600405CF1 /* nk__4.jpg */; };
		567ED4141E0279E600405CF1 /* nk__5.jpg in Resources */ = {isa = PBXBuildFile; fileRef = 567ED4091E0279E600405CF1 /* nk__5.jpg */; };
		567ED4151E0279E600405CF1 /* nk__6.jpg in Resources */ = {isa = PBXBuildFile; fileRef = 567ED40A1E0279E600405CF1 /* nk__6.jpg */; };
		567ED4161E0279E600405CF1 /* nk__7.jpg in Resources */ = {isa = PBXBuildFile; fileRef = 567ED40B1E0279E600405CF1 /* nk__7.jpg */; };
		567ED4171E0279E600405CF1 /* nk__8.jpg in Resources */ = {isa = PBXBuildFile; fileRef = 567ED40C1E0279E600405CF1 /* nk__8.jpg */; };
		567ED4181E0279E600405CF1 /* nk__9.jpg in Resources */ = {isa = PBXBuildFile; fileRef = 567ED40D1E0279E600405CF1 /* nk__9.jpg */; };
		567ED41B1E027A0700405CF1 /* IpadSanWeiShowViewController.m in Sources */ = {isa = PBXBuildFile; fileRef = 567ED41A1E027A0700405CF1 /* IpadSanWeiShowViewController.m */; };
		93C25B7F4A3EE48CD3A3BC4D /* libPods.a in Frameworks */ = {isa = PBXBuildFile; fileRef = 5A3C6E3D77E9834713FD426E /* libPods.a */; };
		B22433D61C27F0CF00C6FB7A /* Main_Ipad.storyboard in Resources */ = {isa = PBXBuildFile; fileRef = B22433D41C27F0CF00C6FB7A /* Main_Ipad.storyboard */; };
		B258DB241C2BEC47009EE819 /* HPCycleScrollView.m in Sources */ = {isa = PBXBuildFile; fileRef = B258DB231C2BEC47009EE819 /* HPCycleScrollView.m */; };
		B28831131C23E7F900A99181 /* main.m in Sources */ = {isa = PBXBuildFile; fileRef = B28831121C23E7F900A99181 /* main.m */; };
		B28831161C23E7F900A99181 /* AppDelegate.m in Sources */ = {isa = PBXBuildFile; fileRef = B28831151C23E7F900A99181 /* AppDelegate.m */; };
		B288311C1C23E7F900A99181 /* Main_Iphone.storyboard in Resources */ = {isa = PBXBuildFile; fileRef = B288311A1C23E7F900A99181 /* Main_Iphone.storyboard */; };
		B288311E1C23E7F900A99181 /* Assets.xcassets in Resources */ = {isa = PBXBuildFile; fileRef = B288311D1C23E7F900A99181 /* Assets.xcassets */; };
		B28831211C23E7F900A99181 /* LaunchScreen.storyboard in Resources */ = {isa = PBXBuildFile; fileRef = B288311F1C23E7F900A99181 /* LaunchScreen.storyboard */; };
		B288312C1C23E7F900A99181 /* HPLabraryProjectTests.m in Sources */ = {isa = PBXBuildFile; fileRef = B288312B1C23E7F900A99181 /* HPLabraryProjectTests.m */; };
		B28831371C23E7FA00A99181 /* HPLabraryProjectUITests.m in Sources */ = {isa = PBXBuildFile; fileRef = B28831361C23E7FA00A99181 /* HPLabraryProjectUITests.m */; };
		B28831761C23F62A00A99181 /* NSDate+CovertDate.m in Sources */ = {isa = PBXBuildFile; fileRef = B288315A1C23F62A00A99181 /* NSDate+CovertDate.m */; };
		B28831771C23F62A00A99181 /* NSString+AlertView.m in Sources */ = {isa = PBXBuildFile; fileRef = B288315C1C23F62A00A99181 /* NSString+AlertView.m */; };
		B288317A1C23F62A00A99181 /* NSString+NetWork.m in Sources */ = {isa = PBXBuildFile; fileRef = B28831621C23F62A00A99181 /* NSString+NetWork.m */; };
		B288317B1C23F62A00A99181 /* UIButton+TitleWithImg.m in Sources */ = {isa = PBXBuildFile; fileRef = B28831641C23F62A00A99181 /* UIButton+TitleWithImg.m */; };
		B288317C1C23F62A00A99181 /* UIColor+Hex.m in Sources */ = {isa = PBXBuildFile; fileRef = B28831661C23F62A00A99181 /* UIColor+Hex.m */; };
		B288317D1C23F62A00A99181 /* UIImage+RgbForImage.m in Sources */ = {isa = PBXBuildFile; fileRef = B28831681C23F62A00A99181 /* UIImage+RgbForImage.m */; };
		B288317F1C23F62A00A99181 /* UIViewExt.m in Sources */ = {isa = PBXBuildFile; fileRef = B288316C1C23F62A00A99181 /* UIViewExt.m */; };
		B288318C1C2401A600A99181 /* Reachability.m in Sources */ = {isa = PBXBuildFile; fileRef = B288318B1C2401A600A99181 /* Reachability.m */; };
		B28A9E841C340AB7007B427D /* HPMRZoomScrollView.m in Sources */ = {isa = PBXBuildFile; fileRef = B28A9E831C340AB7007B427D /* HPMRZoomScrollView.m */; };
		B291A00A1C33D18600298B25 /* MediaPlayer.framework in Frameworks */ = {isa = PBXBuildFile; fileRef = B291A0091C33D18600298B25 /* MediaPlayer.framework */; };
		B2C4078B1C2D1073006FAA9C /* HPZoomView.m in Sources */ = {isa = PBXBuildFile; fileRef = B2C4078A1C2D1073006FAA9C /* HPZoomView.m */; };
		B2D77F3A1C759C860038DD09 /* UICKeyChainStore.m in Sources */ = {isa = PBXBuildFile; fileRef = B2D77F391C759C860038DD09 /* UICKeyChainStore.m */; };
		B2D8ABBD1C643B8600E9E439 /* FDActionSheet.m in Sources */ = {isa = PBXBuildFile; fileRef = B2D8ABB11C643B8600E9E439 /* FDActionSheet.m */; };
		B2D8ABBE1C643B8600E9E439 /* MJRefresh.bundle in Resources */ = {isa = PBXBuildFile; fileRef = B2D8ABB31C643B8600E9E439 /* MJRefresh.bundle */; };
		B2D8ABBF1C643B8600E9E439 /* MJRefreshBaseView.m in Sources */ = {isa = PBXBuildFile; fileRef = B2D8ABB61C643B8600E9E439 /* MJRefreshBaseView.m */; };
		B2D8ABC01C643B8600E9E439 /* MJRefreshConst.m in Sources */ = {isa = PBXBuildFile; fileRef = B2D8ABB81C643B8600E9E439 /* MJRefreshConst.m */; };
		B2D8ABC11C643B8600E9E439 /* MJRefreshFooterView.m in Sources */ = {isa = PBXBuildFile; fileRef = B2D8ABBA1C643B8600E9E439 /* MJRefreshFooterView.m */; };
		B2D8ABC21C643B8600E9E439 /* MJRefreshHeaderView.m in Sources */ = {isa = PBXBuildFile; fileRef = B2D8ABBC1C643B8600E9E439 /* MJRefreshHeaderView.m */; };
		B2D8ABC91C643BF500E9E439 /* HPManagerCache.m in Sources */ = {isa = PBXBuildFile; fileRef = B2D8ABC51C643BF500E9E439 /* HPManagerCache.m */; };
		B2D8ABCE1C643E9700E9E439 /* HPTimeCheck.m in Sources */ = {isa = PBXBuildFile; fileRef = B2D8ABCD1C643E9700E9E439 /* HPTimeCheck.m */; };
		B2D8ABDE1C64406100E9E439 /* PanoramaVCCache.m in Sources */ = {isa = PBXBuildFile; fileRef = B2D8ABD81C64406100E9E439 /* PanoramaVCCache.m */; settings = {COMPILER_FLAGS = "-fno-objc-arc"; }; };
		B2D8ABDF1C64406100E9E439 /* PanoWebVC.m in Sources */ = {isa = PBXBuildFile; fileRef = B2D8ABDA1C64406100E9E439 /* PanoWebVC.m */; settings = {COMPILER_FLAGS = "-fno-objc-arc"; }; };
		B2D8ABE71C64408800E9E439 /* FileUtil.m in Sources */ = {isa = PBXBuildFile; fileRef = B2D8ABE21C64408800E9E439 /* FileUtil.m */; settings = {COMPILER_FLAGS = "-fno-objc-arc"; }; };
		B2D8ABE81C64408800E9E439 /* HPDocManager.m in Sources */ = {isa = PBXBuildFile; fileRef = B2D8ABE41C64408800E9E439 /* HPDocManager.m */; };
		B2D8ABE91C64408800E9E439 /* NSUserDefaults+Standard.m in Sources */ = {isa = PBXBuildFile; fileRef = B2D8ABE61C64408800E9E439 /* NSUserDefaults+Standard.m */; };
		B2DF11941C869237003653DD /* Resource in Resources */ = {isa = PBXBuildFile; fileRef = B2DF11931C869237003653DD /* Resource */; };
		B2E602F31C3D00C3009F97B4 /* HPIphoneBaseViewController.m in Sources */ = {isa = PBXBuildFile; fileRef = B2E602EA1C3D00C3009F97B4 /* HPIphoneBaseViewController.m */; };
		B2E602F41C3D00C3009F97B4 /* HPHttpServerRequest.m in Sources */ = {isa = PBXBuildFile; fileRef = B2E602ED1C3D00C3009F97B4 /* HPHttpServerRequest.m */; };
		B2E602F51C3D00C3009F97B4 /* blueArrow@2x.png in Resources */ = {isa = PBXBuildFile; fileRef = B2E602EF1C3D00C3009F97B4 /* blueArrow@2x.png */; };
		B2E602F61C3D00C3009F97B4 /* blueArrowDown@2x.png in Resources */ = {isa = PBXBuildFile; fileRef = B2E602F01C3D00C3009F97B4 /* blueArrowDown@2x.png */; };
		B2E602F71C3D00C3009F97B4 /* PullingRefreshTableView.m in Sources */ = {isa = PBXBuildFile; fileRef = B2E602F21C3D00C3009F97B4 /* PullingRefreshTableView.m */; settings = {COMPILER_FLAGS = "-fno-objc-arc"; }; };
/* End PBXBuildFile section */

/* Begin PBXContainerItemProxy section */
		B28831281C23E7F900A99181 /* PBXContainerItemProxy */ = {
			isa = PBXContainerItemProxy;
			containerPortal = B28831061C23E7F900A99181 /* Project object */;
			proxyType = 1;
			remoteGlobalIDString = B288310D1C23E7F900A99181;
			remoteInfo = HPLabraryProject;
		};
		B28831331C23E7FA00A99181 /* PBXContainerItemProxy */ = {
			isa = PBXContainerItemProxy;
			containerPortal = B28831061C23E7F900A99181 /* Project object */;
			proxyType = 1;
			remoteGlobalIDString = B288310D1C23E7F900A99181;
			remoteInfo = HPLabraryProject;
		};
/* End PBXContainerItemProxy section */

/* Begin PBXFileReference section */
		56538EFC1DFFF8FF002A7F1C /* dbal_1.jpg */ = {isa = PBXFileReference; lastKnownFileType = image.jpeg; path = dbal_1.jpg; sourceTree = "<group>"; };
		56538EFD1DFFF8FF002A7F1C /* dbal_2.jpg */ = {isa = PBXFileReference; lastKnownFileType = image.jpeg; path = dbal_2.jpg; sourceTree = "<group>"; };
		56538EFE1DFFF8FF002A7F1C /* dbal_3.jpg */ = {isa = PBXFileReference; lastKnownFileType = image.jpeg; path = dbal_3.jpg; sourceTree = "<group>"; };
		56538EFF1DFFF8FF002A7F1C /* dbal_4.jpg */ = {isa = PBXFileReference; lastKnownFileType = image.jpeg; path = dbal_4.jpg; sourceTree = "<group>"; };
		56538F001DFFF8FF002A7F1C /* dbal_5.jpg */ = {isa = PBXFileReference; lastKnownFileType = image.jpeg; path = dbal_5.jpg; sourceTree = "<group>"; };
		56538F011DFFF8FF002A7F1C /* dbal_6.jpg */ = {isa = PBXFileReference; lastKnownFileType = image.jpeg; path = dbal_6.jpg; sourceTree = "<group>"; };
		56538F141DFFFACF002A7F1C /* IphoneIndexTableViewController.h */ = {isa = PBXFileReference; fileEncoding = 4; lastKnownFileType = sourcecode.c.h; path = IphoneIndexTableViewController.h; sourceTree = "<group>"; };
		56538F151DFFFACF002A7F1C /* IphoneIndexTableViewController.m */ = {isa = PBXFileReference; fileEncoding = 4; lastKnownFileType = sourcecode.c.objc; path = IphoneIndexTableViewController.m; sourceTree = "<group>"; };
		567ED3E61E0242B000405CF1 /* HPMovieViewController.h */ = {isa = PBXFileReference; fileEncoding = 4; lastKnownFileType = sourcecode.c.h; path = HPMovieViewController.h; sourceTree = "<group>"; };
		567ED3E71E0242B000405CF1 /* HPMovieViewController.m */ = {isa = PBXFileReference; fileEncoding = 4; lastKnownFileType = sourcecode.c.objc; path = HPMovieViewController.m; sourceTree = "<group>"; };
		567ED3E81E0242B000405CF1 /* HPScrollImageController.h */ = {isa = PBXFileReference; fileEncoding = 4; lastKnownFileType = sourcecode.c.h; path = HPScrollImageController.h; sourceTree = "<group>"; };
		567ED3E91E0242B000405CF1 /* HPScrollImageController.m */ = {isa = PBXFileReference; fileEncoding = 4; lastKnownFileType = sourcecode.c.objc; path = HPScrollImageController.m; sourceTree = "<group>"; };
		567ED3EA1E0242B000405CF1 /* HPZoomViewController.h */ = {isa = PBXFileReference; fileEncoding = 4; lastKnownFileType = sourcecode.c.h; path = HPZoomViewController.h; sourceTree = "<group>"; };
		567ED3EB1E0242B000405CF1 /* HPZoomViewController.m */ = {isa = PBXFileReference; fileEncoding = 4; lastKnownFileType = sourcecode.c.objc; path = HPZoomViewController.m; sourceTree = "<group>"; };
		567ED3EC1E0242B000405CF1 /* IpadCalculatorViewController.h */ = {isa = PBXFileReference; fileEncoding = 4; lastKnownFileType = sourcecode.c.h; path = IpadCalculatorViewController.h; sourceTree = "<group>"; };
		567ED3ED1E0242B000405CF1 /* IpadCalculatorViewController.m */ = {isa = PBXFileReference; fileEncoding = 4; lastKnownFileType = sourcecode.c.objc; path = IpadCalculatorViewController.m; sourceTree = "<group>"; };
		567ED3EE1E0242B000405CF1 /* IpadIndexTableViewController.h */ = {isa = PBXFileReference; fileEncoding = 4; lastKnownFileType = sourcecode.c.h; path = IpadIndexTableViewController.h; sourceTree = "<group>"; };
		567ED3EF1E0242B000405CF1 /* IpadIndexTableViewController.m */ = {isa = PBXFileReference; fileEncoding = 4; lastKnownFileType = sourcecode.c.objc; path = IpadIndexTableViewController.m; sourceTree = "<group>"; };
		567ED3F61E0242CD00405CF1 /* IpadIndexTableViewModel.h */ = {isa = PBXFileReference; fileEncoding = 4; lastKnownFileType = sourcecode.c.h; path = IpadIndexTableViewModel.h; sourceTree = "<group>"; };
		567ED3F71E0242CD00405CF1 /* IpadIndexTableViewModel.m */ = {isa = PBXFileReference; fileEncoding = 4; lastKnownFileType = sourcecode.c.objc; path = IpadIndexTableViewModel.m; sourceTree = "<group>"; };
		567ED3F91E024A6700405CF1 /* HPIpadBaseViewController.h */ = {isa = PBXFileReference; fileEncoding = 4; lastKnownFileType = sourcecode.c.h; path = HPIpadBaseViewController.h; sourceTree = "<group>"; };
		567ED3FA1E024A6700405CF1 /* HPIpadBaseViewController.m */ = {isa = PBXFileReference; fileEncoding = 4; lastKnownFileType = sourcecode.c.objc; path = HPIpadBaseViewController.m; sourceTree = "<group>"; };
		567ED3FC1E026F3800405CF1 /* Ipad720ViewController.h */ = {isa = PBXFileReference; fileEncoding = 4; lastKnownFileType = sourcecode.c.h; path = Ipad720ViewController.h; sourceTree = "<group>"; };
		567ED3FD1E026F3800405CF1 /* Ipad720ViewController.m */ = {isa = PBXFileReference; fileEncoding = 4; lastKnownFileType = sourcecode.c.objc; path = Ipad720ViewController.m; sourceTree = "<group>"; };
		567ED3FF1E02772F00405CF1 /* HPImageSequence.h */ = {isa = PBXFileReference; fileEncoding = 4; lastKnownFileType = sourcecode.c.h; path = HPImageSequence.h; sourceTree = "<group>"; };
		567ED4001E02772F00405CF1 /* HPImageSequence.m */ = {isa = PBXFileReference; fileEncoding = 4; lastKnownFileType = sourcecode.c.objc; path = HPImageSequence.m; sourceTree = "<group>"; };
		567ED4031E0279E600405CF1 /* nk__0.jpg */ = {isa = PBXFileReference; lastKnownFileType = image.jpeg; path = nk__0.jpg; sourceTree = "<group>"; };
		567ED4041E0279E600405CF1 /* nk__1.jpg */ = {isa = PBXFileReference; lastKnownFileType = image.jpeg; path = nk__1.jpg; sourceTree = "<group>"; };
		567ED4051E0279E600405CF1 /* nk__10.jpg */ = {isa = PBXFileReference; lastKnownFileType = image.jpeg; path = nk__10.jpg; sourceTree = "<group>"; };
		567ED4061E0279E600405CF1 /* nk__2.jpg */ = {isa = PBXFileReference; lastKnownFileType = image.jpeg; path = nk__2.jpg; sourceTree = "<group>"; };
		567ED4071E0279E600405CF1 /* nk__3.jpg */ = {isa = PBXFileReference; lastKnownFileType = image.jpeg; path = nk__3.jpg; sourceTree = "<group>"; };
		567ED4081E0279E600405CF1 /* nk__4.jpg */ = {isa = PBXFileReference; lastKnownFileType = image.jpeg; path = nk__4.jpg; sourceTree = "<group>"; };
		567ED4091E0279E600405CF1 /* nk__5.jpg */ = {isa = PBXFileReference; lastKnownFileType = image.jpeg; path = nk__5.jpg; sourceTree = "<group>"; };
		567ED40A1E0279E600405CF1 /* nk__6.jpg */ = {isa = PBXFileReference; lastKnownFileType = image.jpeg; path = nk__6.jpg; sourceTree = "<group>"; };
		567ED40B1E0279E600405CF1 /* nk__7.jpg */ = {isa = PBXFileReference; lastKnownFileType = image.jpeg; path = nk__7.jpg; sourceTree = "<group>"; };
		567ED40C1E0279E600405CF1 /* nk__8.jpg */ = {isa = PBXFileReference; lastKnownFileType = image.jpeg; path = nk__8.jpg; sourceTree = "<group>"; };
		567ED40D1E0279E600405CF1 /* nk__9.jpg */ = {isa = PBXFileReference; lastKnownFileType = image.jpeg; path = nk__9.jpg; sourceTree = "<group>"; };
		567ED4191E027A0700405CF1 /* IpadSanWeiShowViewController.h */ = {isa = PBXFileReference; fileEncoding = 4; lastKnownFileType = sourcecode.c.h; path = IpadSanWeiShowViewController.h; sourceTree = "<group>"; };
		567ED41A1E027A0700405CF1 /* IpadSanWeiShowViewController.m */ = {isa = PBXFileReference; fileEncoding = 4; lastKnownFileType = sourcecode.c.objc; path = IpadSanWeiShowViewController.m; sourceTree = "<group>"; };
		5A3C6E3D77E9834713FD426E /* libPods.a */ = {isa = PBXFileReference; explicitFileType = archive.ar; includeInIndex = 0; path = libPods.a; sourceTree = BUILT_PRODUCTS_DIR; };
		873A956EC91B750713E3C29C /* Pods.release.xcconfig */ = {isa = PBXFileReference; includeInIndex = 1; lastKnownFileType = text.xcconfig; name = Pods.release.xcconfig; path = "Pods/Target Support Files/Pods/Pods.release.xcconfig"; sourceTree = "<group>"; };
		9B112369ECD8620859792757 /* Pods.debug.xcconfig */ = {isa = PBXFileReference; includeInIndex = 1; lastKnownFileType = text.xcconfig; name = Pods.debug.xcconfig; path = "Pods/Target Support Files/Pods/Pods.debug.xcconfig"; sourceTree = "<group>"; };
		B22433D31C27DF3F00C6FB7A /* HPConstant.h */ = {isa = PBXFileReference; fileEncoding = 4; lastKnownFileType = sourcecode.c.h; path = HPConstant.h; sourceTree = "<group>"; };
		B22433D51C27F0CF00C6FB7A /* Base */ = {isa = PBXFileReference; lastKnownFileType = file.storyboard; name = Base; path = Base.lproj/Main_Ipad.storyboard; sourceTree = "<group>"; };
		B258DB221C2BEC47009EE819 /* HPCycleScrollView.h */ = {isa = PBXFileReference; fileEncoding = 4; lastKnownFileType = sourcecode.c.h; path = HPCycleScrollView.h; sourceTree = "<group>"; };
		B258DB231C2BEC47009EE819 /* HPCycleScrollView.m */ = {isa = PBXFileReference; fileEncoding = 4; lastKnownFileType = sourcecode.c.objc; path = HPCycleScrollView.m; sourceTree = "<group>"; };
		B288310E1C23E7F900A99181 /* HPLabraryProject.app */ = {isa = PBXFileReference; explicitFileType = wrapper.application; includeInIndex = 0; path = HPLabraryProject.app; sourceTree = BUILT_PRODUCTS_DIR; };
		B28831121C23E7F900A99181 /* main.m */ = {isa = PBXFileReference; lastKnownFileType = sourcecode.c.objc; path = main.m; sourceTree = "<group>"; };
		B28831141C23E7F900A99181 /* AppDelegate.h */ = {isa = PBXFileReference; lastKnownFileType = sourcecode.c.h; path = AppDelegate.h; sourceTree = "<group>"; };
		B28831151C23E7F900A99181 /* AppDelegate.m */ = {isa = PBXFileReference; lastKnownFileType = sourcecode.c.objc; path = AppDelegate.m; sourceTree = "<group>"; };
		B288311B1C23E7F900A99181 /* Base */ = {isa = PBXFileReference; lastKnownFileType = file.storyboard; name = Base; path = Base.lproj/Main_Iphone.storyboard; sourceTree = "<group>"; };
		B288311D1C23E7F900A99181 /* Assets.xcassets */ = {isa = PBXFileReference; lastKnownFileType = folder.assetcatalog; path = Assets.xcassets; sourceTree = "<group>"; };
		B28831201C23E7F900A99181 /* Base */ = {isa = PBXFileReference; lastKnownFileType = file.storyboard; name = Base; path = Base.lproj/LaunchScreen.storyboard; sourceTree = "<group>"; };
		B28831221C23E7F900A99181 /* Info.plist */ = {isa = PBXFileReference; lastKnownFileType = text.plist.xml; path = Info.plist; sourceTree = "<group>"; };
		B28831271C23E7F900A99181 /* HPLabraryProjectTests.xctest */ = {isa = PBXFileReference; explicitFileType = wrapper.cfbundle; includeInIndex = 0; path = HPLabraryProjectTests.xctest; sourceTree = BUILT_PRODUCTS_DIR; };
		B288312B1C23E7F900A99181 /* HPLabraryProjectTests.m */ = {isa = PBXFileReference; lastKnownFileType = sourcecode.c.objc; path = HPLabraryProjectTests.m; sourceTree = "<group>"; };
		B288312D1C23E7F900A99181 /* Info.plist */ = {isa = PBXFileReference; lastKnownFileType = text.plist.xml; path = Info.plist; sourceTree = "<group>"; };
		B28831321C23E7FA00A99181 /* HPLabraryProjectUITests.xctest */ = {isa = PBXFileReference; explicitFileType = wrapper.cfbundle; includeInIndex = 0; path = HPLabraryProjectUITests.xctest; sourceTree = BUILT_PRODUCTS_DIR; };
		B28831361C23E7FA00A99181 /* HPLabraryProjectUITests.m */ = {isa = PBXFileReference; lastKnownFileType = sourcecode.c.objc; path = HPLabraryProjectUITests.m; sourceTree = "<group>"; };
		B28831381C23E7FA00A99181 /* Info.plist */ = {isa = PBXFileReference; lastKnownFileType = text.plist.xml; path = Info.plist; sourceTree = "<group>"; };
		B28831591C23F62A00A99181 /* NSDate+CovertDate.h */ = {isa = PBXFileReference; fileEncoding = 4; lastKnownFileType = sourcecode.c.h; path = "NSDate+CovertDate.h"; sourceTree = "<group>"; };
		B288315A1C23F62A00A99181 /* NSDate+CovertDate.m */ = {isa = PBXFileReference; fileEncoding = 4; lastKnownFileType = sourcecode.c.objc; path = "NSDate+CovertDate.m"; sourceTree = "<group>"; };
		B288315B1C23F62A00A99181 /* NSString+AlertView.h */ = {isa = PBXFileReference; fileEncoding = 4; lastKnownFileType = sourcecode.c.h; path = "NSString+AlertView.h"; sourceTree = "<group>"; };
		B288315C1C23F62A00A99181 /* NSString+AlertView.m */ = {isa = PBXFileReference; fileEncoding = 4; lastKnownFileType = sourcecode.c.objc; path = "NSString+AlertView.m"; sourceTree = "<group>"; };
		B28831611C23F62A00A99181 /* NSString+NetWork.h */ = {isa = PBXFileReference; fileEncoding = 4; lastKnownFileType = sourcecode.c.h; path = "NSString+NetWork.h"; sourceTree = "<group>"; };
		B28831621C23F62A00A99181 /* NSString+NetWork.m */ = {isa = PBXFileReference; fileEncoding = 4; lastKnownFileType = sourcecode.c.objc; path = "NSString+NetWork.m"; sourceTree = "<group>"; };
		B28831631C23F62A00A99181 /* UIButton+TitleWithImg.h */ = {isa = PBXFileReference; fileEncoding = 4; lastKnownFileType = sourcecode.c.h; path = "UIButton+TitleWithImg.h"; sourceTree = "<group>"; };
		B28831641C23F62A00A99181 /* UIButton+TitleWithImg.m */ = {isa = PBXFileReference; fileEncoding = 4; lastKnownFileType = sourcecode.c.objc; path = "UIButton+TitleWithImg.m"; sourceTree = "<group>"; };
		B28831651C23F62A00A99181 /* UIColor+Hex.h */ = {isa = PBXFileReference; fileEncoding = 4; lastKnownFileType = sourcecode.c.h; path = "UIColor+Hex.h"; sourceTree = "<group>"; };
		B28831661C23F62A00A99181 /* UIColor+Hex.m */ = {isa = PBXFileReference; fileEncoding = 4; lastKnownFileType = sourcecode.c.objc; path = "UIColor+Hex.m"; sourceTree = "<group>"; };
		B28831671C23F62A00A99181 /* UIImage+RgbForImage.h */ = {isa = PBXFileReference; fileEncoding = 4; lastKnownFileType = sourcecode.c.h; path = "UIImage+RgbForImage.h"; sourceTree = "<group>"; };
		B28831681C23F62A00A99181 /* UIImage+RgbForImage.m */ = {isa = PBXFileReference; fileEncoding = 4; lastKnownFileType = sourcecode.c.objc; path = "UIImage+RgbForImage.m"; sourceTree = "<group>"; };
		B288316B1C23F62A00A99181 /* UIViewExt.h */ = {isa = PBXFileReference; fileEncoding = 4; lastKnownFileType = sourcecode.c.h; path = UIViewExt.h; sourceTree = "<group>"; };
		B288316C1C23F62A00A99181 /* UIViewExt.m */ = {isa = PBXFileReference; fileEncoding = 4; lastKnownFileType = sourcecode.c.objc; path = UIViewExt.m; sourceTree = "<group>"; };
		B28831851C23F8CE00A99181 /* HPPrefixHeader.pch */ = {isa = PBXFileReference; fileEncoding = 4; lastKnownFileType = sourcecode.c.h; path = HPPrefixHeader.pch; sourceTree = "<group>"; };
		B288318A1C2401A600A99181 /* Reachability.h */ = {isa = PBXFileReference; fileEncoding = 4; lastKnownFileType = sourcecode.c.h; path = Reachability.h; sourceTree = "<group>"; };
		B288318B1C2401A600A99181 /* Reachability.m */ = {isa = PBXFileReference; fileEncoding = 4; lastKnownFileType = sourcecode.c.objc; path = Reachability.m; sourceTree = "<group>"; };
		B28A9E821C340AB7007B427D /* HPMRZoomScrollView.h */ = {isa = PBXFileReference; fileEncoding = 4; lastKnownFileType = sourcecode.c.h; path = HPMRZoomScrollView.h; sourceTree = "<group>"; };
		B28A9E831C340AB7007B427D /* HPMRZoomScrollView.m */ = {isa = PBXFileReference; fileEncoding = 4; lastKnownFileType = sourcecode.c.objc; path = HPMRZoomScrollView.m; sourceTree = "<group>"; };
		B291A0091C33D18600298B25 /* MediaPlayer.framework */ = {isa = PBXFileReference; lastKnownFileType = wrapper.framework; name = MediaPlayer.framework; path = System/Library/Frameworks/MediaPlayer.framework; sourceTree = SDKROOT; };
		B2C407891C2D1073006FAA9C /* HPZoomView.h */ = {isa = PBXFileReference; fileEncoding = 4; lastKnownFileType = sourcecode.c.h; path = HPZoomView.h; sourceTree = "<group>"; };
		B2C4078A1C2D1073006FAA9C /* HPZoomView.m */ = {isa = PBXFileReference; fileEncoding = 4; lastKnownFileType = sourcecode.c.objc; path = HPZoomView.m; sourceTree = "<group>"; };
		B2D77F381C759C860038DD09 /* UICKeyChainStore.h */ = {isa = PBXFileReference; fileEncoding = 4; lastKnownFileType = sourcecode.c.h; path = UICKeyChainStore.h; sourceTree = "<group>"; };
		B2D77F391C759C860038DD09 /* UICKeyChainStore.m */ = {isa = PBXFileReference; fileEncoding = 4; lastKnownFileType = sourcecode.c.objc; path = UICKeyChainStore.m; sourceTree = "<group>"; };
		B2D8ABB01C643B8600E9E439 /* FDActionSheet.h */ = {isa = PBXFileReference; fileEncoding = 4; lastKnownFileType = sourcecode.c.h; path = FDActionSheet.h; sourceTree = "<group>"; };
		B2D8ABB11C643B8600E9E439 /* FDActionSheet.m */ = {isa = PBXFileReference; fileEncoding = 4; lastKnownFileType = sourcecode.c.objc; path = FDActionSheet.m; sourceTree = "<group>"; };
		B2D8ABB31C643B8600E9E439 /* MJRefresh.bundle */ = {isa = PBXFileReference; lastKnownFileType = "wrapper.plug-in"; path = MJRefresh.bundle; sourceTree = "<group>"; };
		B2D8ABB41C643B8600E9E439 /* MJRefresh.h */ = {isa = PBXFileReference; fileEncoding = 4; lastKnownFileType = sourcecode.c.h; path = MJRefresh.h; sourceTree = "<group>"; };
		B2D8ABB51C643B8600E9E439 /* MJRefreshBaseView.h */ = {isa = PBXFileReference; fileEncoding = 4; lastKnownFileType = sourcecode.c.h; path = MJRefreshBaseView.h; sourceTree = "<group>"; };
		B2D8ABB61C643B8600E9E439 /* MJRefreshBaseView.m */ = {isa = PBXFileReference; fileEncoding = 4; lastKnownFileType = sourcecode.c.objc; path = MJRefreshBaseView.m; sourceTree = "<group>"; };
		B2D8ABB71C643B8600E9E439 /* MJRefreshConst.h */ = {isa = PBXFileReference; fileEncoding = 4; lastKnownFileType = sourcecode.c.h; path = MJRefreshConst.h; sourceTree = "<group>"; };
		B2D8ABB81C643B8600E9E439 /* MJRefreshConst.m */ = {isa = PBXFileReference; fileEncoding = 4; lastKnownFileType = sourcecode.c.objc; path = MJRefreshConst.m; sourceTree = "<group>"; };
		B2D8ABB91C643B8600E9E439 /* MJRefreshFooterView.h */ = {isa = PBXFileReference; fileEncoding = 4; lastKnownFileType = sourcecode.c.h; path = MJRefreshFooterView.h; sourceTree = "<group>"; };
		B2D8ABBA1C643B8600E9E439 /* MJRefreshFooterView.m */ = {isa = PBXFileReference; fileEncoding = 4; lastKnownFileType = sourcecode.c.objc; path = MJRefreshFooterView.m; sourceTree = "<group>"; };
		B2D8ABBB1C643B8600E9E439 /* MJRefreshHeaderView.h */ = {isa = PBXFileReference; fileEncoding = 4; lastKnownFileType = sourcecode.c.h; path = MJRefreshHeaderView.h; sourceTree = "<group>"; };
		B2D8ABBC1C643B8600E9E439 /* MJRefreshHeaderView.m */ = {isa = PBXFileReference; fileEncoding = 4; lastKnownFileType = sourcecode.c.objc; path = MJRefreshHeaderView.m; sourceTree = "<group>"; };
		B2D8ABC41C643BF500E9E439 /* HPManagerCache.h */ = {isa = PBXFileReference; fileEncoding = 4; lastKnownFileType = sourcecode.c.h; path = HPManagerCache.h; sourceTree = "<group>"; };
		B2D8ABC51C643BF500E9E439 /* HPManagerCache.m */ = {isa = PBXFileReference; fileEncoding = 4; lastKnownFileType = sourcecode.c.objc; path = HPManagerCache.m; sourceTree = "<group>"; };
		B2D8ABCC1C643E9700E9E439 /* HPTimeCheck.h */ = {isa = PBXFileReference; fileEncoding = 4; lastKnownFileType = sourcecode.c.h; path = HPTimeCheck.h; sourceTree = "<group>"; };
		B2D8ABCD1C643E9700E9E439 /* HPTimeCheck.m */ = {isa = PBXFileReference; fileEncoding = 4; lastKnownFileType = sourcecode.c.objc; path = HPTimeCheck.m; sourceTree = "<group>"; };
		B2D8ABD71C64406100E9E439 /* PanoramaVCCache.h */ = {isa = PBXFileReference; fileEncoding = 4; lastKnownFileType = sourcecode.c.h; path = PanoramaVCCache.h; sourceTree = "<group>"; };
		B2D8ABD81C64406100E9E439 /* PanoramaVCCache.m */ = {isa = PBXFileReference; fileEncoding = 4; lastKnownFileType = sourcecode.c.objc; path = PanoramaVCCache.m; sourceTree = "<group>"; };
		B2D8ABD91C64406100E9E439 /* PanoWebVC.h */ = {isa = PBXFileReference; fileEncoding = 4; lastKnownFileType = sourcecode.c.h; path = PanoWebVC.h; sourceTree = "<group>"; };
		B2D8ABDA1C64406100E9E439 /* PanoWebVC.m */ = {isa = PBXFileReference; fileEncoding = 4; lastKnownFileType = sourcecode.c.objc; path = PanoWebVC.m; sourceTree = "<group>"; };
		B2D8ABE11C64408800E9E439 /* FileUtil.h */ = {isa = PBXFileReference; fileEncoding = 4; lastKnownFileType = sourcecode.c.h; path = FileUtil.h; sourceTree = "<group>"; };
		B2D8ABE21C64408800E9E439 /* FileUtil.m */ = {isa = PBXFileReference; fileEncoding = 4; lastKnownFileType = sourcecode.c.objc; path = FileUtil.m; sourceTree = "<group>"; };
		B2D8ABE31C64408800E9E439 /* HPDocManager.h */ = {isa = PBXFileReference; fileEncoding = 4; lastKnownFileType = sourcecode.c.h; path = HPDocManager.h; sourceTree = "<group>"; };
		B2D8ABE41C64408800E9E439 /* HPDocManager.m */ = {isa = PBXFileReference; fileEncoding = 4; lastKnownFileType = sourcecode.c.objc; path = HPDocManager.m; sourceTree = "<group>"; };
		B2D8ABE51C64408800E9E439 /* NSUserDefaults+Standard.h */ = {isa = PBXFileReference; fileEncoding = 4; lastKnownFileType = sourcecode.c.h; path = "NSUserDefaults+Standard.h"; sourceTree = "<group>"; };
		B2D8ABE61C64408800E9E439 /* NSUserDefaults+Standard.m */ = {isa = PBXFileReference; fileEncoding = 4; lastKnownFileType = sourcecode.c.objc; path = "NSUserDefaults+Standard.m"; sourceTree = "<group>"; };
		B2D8ABEA1C6440D100E9E439 /* SynthesizeSingleton.h */ = {isa = PBXFileReference; fileEncoding = 4; lastKnownFileType = sourcecode.c.h; path = SynthesizeSingleton.h; sourceTree = "<group>"; };
		B2DF11931C869237003653DD /* Resource */ = {isa = PBXFileReference; lastKnownFileType = folder; path = Resource; sourceTree = "<group>"; };
		B2E602E91C3D00C3009F97B4 /* HPIphoneBaseViewController.h */ = {isa = PBXFileReference; fileEncoding = 4; lastKnownFileType = sourcecode.c.h; path = HPIphoneBaseViewController.h; sourceTree = "<group>"; };
		B2E602EA1C3D00C3009F97B4 /* HPIphoneBaseViewController.m */ = {isa = PBXFileReference; fileEncoding = 4; lastKnownFileType = sourcecode.c.objc; path = HPIphoneBaseViewController.m; sourceTree = "<group>"; };
		B2E602EC1C3D00C3009F97B4 /* HPHttpServerRequest.h */ = {isa = PBXFileReference; fileEncoding = 4; lastKnownFileType = sourcecode.c.h; path = HPHttpServerRequest.h; sourceTree = "<group>"; };
		B2E602ED1C3D00C3009F97B4 /* HPHttpServerRequest.m */ = {isa = PBXFileReference; fileEncoding = 4; lastKnownFileType = sourcecode.c.objc; path = HPHttpServerRequest.m; sourceTree = "<group>"; };
		B2E602EF1C3D00C3009F97B4 /* blueArrow@2x.png */ = {isa = PBXFileReference; lastKnownFileType = image.png; path = "blueArrow@2x.png"; sourceTree = "<group>"; };
		B2E602F01C3D00C3009F97B4 /* blueArrowDown@2x.png */ = {isa = PBXFileReference; lastKnownFileType = image.png; path = "blueArrowDown@2x.png"; sourceTree = "<group>"; };
		B2E602F11C3D00C3009F97B4 /* PullingRefreshTableView.h */ = {isa = PBXFileReference; fileEncoding = 4; lastKnownFileType = sourcecode.c.h; path = PullingRefreshTableView.h; sourceTree = "<group>"; };
		B2E602F21C3D00C3009F97B4 /* PullingRefreshTableView.m */ = {isa = PBXFileReference; fileEncoding = 4; lastKnownFileType = sourcecode.c.objc; path = PullingRefreshTableView.m; sourceTree = "<group>"; };
/* End PBXFileReference section */

/* Begin PBXFrameworksBuildPhase section */
		B288310B1C23E7F900A99181 /* Frameworks */ = {
			isa = PBXFrameworksBuildPhase;
			buildActionMask = 2147483647;
			files = (
				B291A00A1C33D18600298B25 /* MediaPlayer.framework in Frameworks */,
				93C25B7F4A3EE48CD3A3BC4D /* libPods.a in Frameworks */,
			);
			runOnlyForDeploymentPostprocessing = 0;
		};
		B28831241C23E7F900A99181 /* Frameworks */ = {
			isa = PBXFrameworksBuildPhase;
			buildActionMask = 2147483647;
			files = (
			);
			runOnlyForDeploymentPostprocessing = 0;
		};
		B288312F1C23E7FA00A99181 /* Frameworks */ = {
			isa = PBXFrameworksBuildPhase;
			buildActionMask = 2147483647;
			files = (
			);
			runOnlyForDeploymentPostprocessing = 0;
		};
/* End PBXFrameworksBuildPhase section */

/* Begin PBXGroup section */
		56538EFB1DFFF8FF002A7F1C /* 滚动图片展示 */ = {
			isa = PBXGroup;
			children = (
				56538EFC1DFFF8FF002A7F1C /* dbal_1.jpg */,
				56538EFD1DFFF8FF002A7F1C /* dbal_2.jpg */,
				56538EFE1DFFF8FF002A7F1C /* dbal_3.jpg */,
				56538EFF1DFFF8FF002A7F1C /* dbal_4.jpg */,
				56538F001DFFF8FF002A7F1C /* dbal_5.jpg */,
				56538F011DFFF8FF002A7F1C /* dbal_6.jpg */,
			);
			path = "滚动图片展示";
			sourceTree = "<group>";
		};
		56538F081DFFFACF002A7F1C /* Ipad端 */ = {
			isa = PBXGroup;
			children = (
				567ED3E51E0242B000405CF1 /* ViewController */,
				567ED3F01E0242B000405CF1 /* ViewModel */,
			);
			path = "Ipad端";
			sourceTree = "<group>";
		};
		56538F131DFFFACF002A7F1C /* Iphone手机端 */ = {
			isa = PBXGroup;
			children = (
				56538F141DFFFACF002A7F1C /* IphoneIndexTableViewController.h */,
				56538F151DFFFACF002A7F1C /* IphoneIndexTableViewController.m */,
			);
			path = "Iphone手机端";
			sourceTree = "<group>";
		};
		567ED3E51E0242B000405CF1 /* ViewController */ = {
			isa = PBXGroup;
			children = (
				567ED3E61E0242B000405CF1 /* HPMovieViewController.h */,
				567ED3E71E0242B000405CF1 /* HPMovieViewController.m */,
				567ED3E81E0242B000405CF1 /* HPScrollImageController.h */,
				567ED3E91E0242B000405CF1 /* HPScrollImageController.m */,
				567ED3EA1E0242B000405CF1 /* HPZoomViewController.h */,
				567ED3EB1E0242B000405CF1 /* HPZoomViewController.m */,
				567ED3EC1E0242B000405CF1 /* IpadCalculatorViewController.h */,
				567ED3ED1E0242B000405CF1 /* IpadCalculatorViewController.m */,
				567ED3EE1E0242B000405CF1 /* IpadIndexTableViewController.h */,
				567ED3EF1E0242B000405CF1 /* IpadIndexTableViewController.m */,
				567ED3F91E024A6700405CF1 /* HPIpadBaseViewController.h */,
				567ED3FA1E024A6700405CF1 /* HPIpadBaseViewController.m */,
				567ED3FC1E026F3800405CF1 /* Ipad720ViewController.h */,
				567ED3FD1E026F3800405CF1 /* Ipad720ViewController.m */,
				567ED4191E027A0700405CF1 /* IpadSanWeiShowViewController.h */,
				567ED41A1E027A0700405CF1 /* IpadSanWeiShowViewController.m */,
			);
			path = ViewController;
			sourceTree = "<group>";
		};
		567ED3F01E0242B000405CF1 /* ViewModel */ = {
			isa = PBXGroup;
			children = (
				567ED3F61E0242CD00405CF1 /* IpadIndexTableViewModel.h */,
				567ED3F71E0242CD00405CF1 /* IpadIndexTableViewModel.m */,
			);
			path = ViewModel;
			sourceTree = "<group>";
		};
		567ED4021E0279E600405CF1 /* 鸟瞰旋转 */ = {
			isa = PBXGroup;
			children = (
				567ED4031E0279E600405CF1 /* nk__0.jpg */,
				567ED4041E0279E600405CF1 /* nk__1.jpg */,
				567ED4051E0279E600405CF1 /* nk__10.jpg */,
				567ED4061E0279E600405CF1 /* nk__2.jpg */,
				567ED4071E0279E600405CF1 /* nk__3.jpg */,
				567ED4081E0279E600405CF1 /* nk__4.jpg */,
				567ED4091E0279E600405CF1 /* nk__5.jpg */,
				567ED40A1E0279E600405CF1 /* nk__6.jpg */,
				567ED40B1E0279E600405CF1 /* nk__7.jpg */,
				567ED40C1E0279E600405CF1 /* nk__8.jpg */,
				567ED40D1E0279E600405CF1 /* nk__9.jpg */,
			);
			path = "鸟瞰旋转";
			sourceTree = "<group>";
		};
		5C0517F523F82F05DB08E547 /* Frameworks */ = {
			isa = PBXGroup;
			children = (
				B291A0091C33D18600298B25 /* MediaPlayer.framework */,
				5A3C6E3D77E9834713FD426E /* libPods.a */,
			);
			name = Frameworks;
			sourceTree = "<group>";
		};
		B258DB251C2BF575009EE819 /* ImageSource */ = {
			isa = PBXGroup;
			children = (
				567ED4021E0279E600405CF1 /* 鸟瞰旋转 */,
				56538EFB1DFFF8FF002A7F1C /* 滚动图片展示 */,
			);
			path = ImageSource;
			sourceTree = SOURCE_ROOT;
		};
		B28831051C23E7F900A99181 = {
			isa = PBXGroup;
			children = (
				B2DF11931C869237003653DD /* Resource */,
				B28831441C23F62A00A99181 /* HPLabrary */,
				B28831101C23E7F900A99181 /* HPLabraryProject */,
				B258DB251C2BF575009EE819 /* ImageSource */,
				B288312A1C23E7F900A99181 /* HPLabraryProjectTests */,
				B28831351C23E7FA00A99181 /* HPLabraryProjectUITests */,
				B288310F1C23E7F900A99181 /* Products */,
				C0D9687584AC9525B5538067 /* Pods */,
				5C0517F523F82F05DB08E547 /* Frameworks */,
			);
			sourceTree = "<group>";
		};
		B288310F1C23E7F900A99181 /* Products */ = {
			isa = PBXGroup;
			children = (
				B288310E1C23E7F900A99181 /* HPLabraryProject.app */,
				B28831271C23E7F900A99181 /* HPLabraryProjectTests.xctest */,
				B28831321C23E7FA00A99181 /* HPLabraryProjectUITests.xctest */,
			);
			name = Products;
			sourceTree = "<group>";
		};
		B28831101C23E7F900A99181 /* HPLabraryProject */ = {
			isa = PBXGroup;
			children = (
				56538F081DFFFACF002A7F1C /* Ipad端 */,
				56538F131DFFFACF002A7F1C /* Iphone手机端 */,
				B28831141C23E7F900A99181 /* AppDelegate.h */,
				B28831151C23E7F900A99181 /* AppDelegate.m */,
				B288311A1C23E7F900A99181 /* Main_Iphone.storyboard */,
				B22433D41C27F0CF00C6FB7A /* Main_Ipad.storyboard */,
				B288311D1C23E7F900A99181 /* Assets.xcassets */,
				B288311F1C23E7F900A99181 /* LaunchScreen.storyboard */,
				B28831221C23E7F900A99181 /* Info.plist */,
				B28831111C23E7F900A99181 /* Supporting Files */,
			);
			path = HPLabraryProject;
			sourceTree = "<group>";
		};
		B28831111C23E7F900A99181 /* Supporting Files */ = {
			isa = PBXGroup;
			children = (
				B28831841C23F8CE00A99181 /* pch */,
				B28831121C23E7F900A99181 /* main.m */,
			);
			name = "Supporting Files";
			sourceTree = "<group>";
		};
		B288312A1C23E7F900A99181 /* HPLabraryProjectTests */ = {
			isa = PBXGroup;
			children = (
				B288312B1C23E7F900A99181 /* HPLabraryProjectTests.m */,
				B288312D1C23E7F900A99181 /* Info.plist */,
			);
			path = HPLabraryProjectTests;
			sourceTree = "<group>";
		};
		B28831351C23E7FA00A99181 /* HPLabraryProjectUITests */ = {
			isa = PBXGroup;
			children = (
				B28831361C23E7FA00A99181 /* HPLabraryProjectUITests.m */,
				B28831381C23E7FA00A99181 /* Info.plist */,
			);
			path = HPLabraryProjectUITests;
			sourceTree = "<group>";
		};
		B28831441C23F62A00A99181 /* HPLabrary */ = {
			isa = PBXGroup;
			children = (
				B2D77F371C759C860038DD09 /* UICKeyChainStore */,
				B2D8ABE01C64408800E9E439 /* HPDocManager */,
				B2D8ABD61C64406100E9E439 /* HPPanorama */,
				B2D8ABCB1C643E7100E9E439 /* HPTimeCheck */,
				B2D8ABC31C643BF500E9E439 /* HPManagerCache */,
				B2D8ABAF1C643B8600E9E439 /* FDActionSheet */,
				B2D8ABB21C643B8600E9E439 /* MJRefresh */,
				B2E602E81C3D00C3009F97B4 /* HPBaseViewCotroller */,
				B2E602EB1C3D00C3009F97B4 /* HPHttpServer */,
				B2E602EE1C3D00C3009F97B4 /* PullingRefreshTableView */,
				B22433D31C27DF3F00C6FB7A /* HPConstant.h */,
				B28831891C2401A600A99181 /* Reachability */,
				B28831451C23F62A00A99181 /* HPBaseView */,
				B28831581C23F62A00A99181 /* HPCategory */,
			);
			path = HPLabrary;
			sourceTree = "<group>";
		};
		B28831451C23F62A00A99181 /* HPBaseView */ = {
			isa = PBXGroup;
			children = (
				567ED3FF1E02772F00405CF1 /* HPImageSequence.h */,
				567ED4001E02772F00405CF1 /* HPImageSequence.m */,
				B28A9E821C340AB7007B427D /* HPMRZoomScrollView.h */,
				B28A9E831C340AB7007B427D /* HPMRZoomScrollView.m */,
				B258DB221C2BEC47009EE819 /* HPCycleScrollView.h */,
				B258DB231C2BEC47009EE819 /* HPCycleScrollView.m */,
				B2C407891C2D1073006FAA9C /* HPZoomView.h */,
				B2C4078A1C2D1073006FAA9C /* HPZoomView.m */,
			);
			path = HPBaseView;
			sourceTree = "<group>";
		};
		B28831581C23F62A00A99181 /* HPCategory */ = {
			isa = PBXGroup;
			children = (
				B28831591C23F62A00A99181 /* NSDate+CovertDate.h */,
				B288315A1C23F62A00A99181 /* NSDate+CovertDate.m */,
				B288315B1C23F62A00A99181 /* NSString+AlertView.h */,
				B288315C1C23F62A00A99181 /* NSString+AlertView.m */,
				B28831611C23F62A00A99181 /* NSString+NetWork.h */,
				B28831621C23F62A00A99181 /* NSString+NetWork.m */,
				B28831631C23F62A00A99181 /* UIButton+TitleWithImg.h */,
				B28831641C23F62A00A99181 /* UIButton+TitleWithImg.m */,
				B28831651C23F62A00A99181 /* UIColor+Hex.h */,
				B28831661C23F62A00A99181 /* UIColor+Hex.m */,
				B28831671C23F62A00A99181 /* UIImage+RgbForImage.h */,
				B28831681C23F62A00A99181 /* UIImage+RgbForImage.m */,
				B288316B1C23F62A00A99181 /* UIViewExt.h */,
				B288316C1C23F62A00A99181 /* UIViewExt.m */,
			);
			path = HPCategory;
			sourceTree = "<group>";
		};
		B28831841C23F8CE00A99181 /* pch */ = {
			isa = PBXGroup;
			children = (
				B28831851C23F8CE00A99181 /* HPPrefixHeader.pch */,
			);
			path = pch;
			sourceTree = "<group>";
		};
		B28831891C2401A600A99181 /* Reachability */ = {
			isa = PBXGroup;
			children = (
				B288318A1C2401A600A99181 /* Reachability.h */,
				B288318B1C2401A600A99181 /* Reachability.m */,
			);
			path = Reachability;
			sourceTree = "<group>";
		};
		B2D77F371C759C860038DD09 /* UICKeyChainStore */ = {
			isa = PBXGroup;
			children = (
				B2D77F381C759C860038DD09 /* UICKeyChainStore.h */,
				B2D77F391C759C860038DD09 /* UICKeyChainStore.m */,
			);
			path = UICKeyChainStore;
			sourceTree = "<group>";
		};
		B2D8ABAF1C643B8600E9E439 /* FDActionSheet */ = {
			isa = PBXGroup;
			children = (
				B2D8ABB01C643B8600E9E439 /* FDActionSheet.h */,
				B2D8ABB11C643B8600E9E439 /* FDActionSheet.m */,
			);
			path = FDActionSheet;
			sourceTree = "<group>";
		};
		B2D8ABB21C643B8600E9E439 /* MJRefresh */ = {
			isa = PBXGroup;
			children = (
				B2D8ABB31C643B8600E9E439 /* MJRefresh.bundle */,
				B2D8ABB41C643B8600E9E439 /* MJRefresh.h */,
				B2D8ABB51C643B8600E9E439 /* MJRefreshBaseView.h */,
				B2D8ABB61C643B8600E9E439 /* MJRefreshBaseView.m */,
				B2D8ABB71C643B8600E9E439 /* MJRefreshConst.h */,
				B2D8ABB81C643B8600E9E439 /* MJRefreshConst.m */,
				B2D8ABB91C643B8600E9E439 /* MJRefreshFooterView.h */,
				B2D8ABBA1C643B8600E9E439 /* MJRefreshFooterView.m */,
				B2D8ABBB1C643B8600E9E439 /* MJRefreshHeaderView.h */,
				B2D8ABBC1C643B8600E9E439 /* MJRefreshHeaderView.m */,
			);
			path = MJRefresh;
			sourceTree = "<group>";
		};
		B2D8ABC31C643BF500E9E439 /* HPManagerCache */ = {
			isa = PBXGroup;
			children = (
				B2D8ABC41C643BF500E9E439 /* HPManagerCache.h */,
				B2D8ABC51C643BF500E9E439 /* HPManagerCache.m */,
			);
			path = HPManagerCache;
			sourceTree = "<group>";
		};
		B2D8ABCB1C643E7100E9E439 /* HPTimeCheck */ = {
			isa = PBXGroup;
			children = (
				B2D8ABCC1C643E9700E9E439 /* HPTimeCheck.h */,
				B2D8ABCD1C643E9700E9E439 /* HPTimeCheck.m */,
			);
			path = HPTimeCheck;
			sourceTree = "<group>";
		};
		B2D8ABD61C64406100E9E439 /* HPPanorama */ = {
			isa = PBXGroup;
			children = (
				B2D8ABEA1C6440D100E9E439 /* SynthesizeSingleton.h */,
				B2D8ABD71C64406100E9E439 /* PanoramaVCCache.h */,
				B2D8ABD81C64406100E9E439 /* PanoramaVCCache.m */,
				B2D8ABD91C64406100E9E439 /* PanoWebVC.h */,
				B2D8ABDA1C64406100E9E439 /* PanoWebVC.m */,
			);
			path = HPPanorama;
			sourceTree = "<group>";
		};
		B2D8ABE01C64408800E9E439 /* HPDocManager */ = {
			isa = PBXGroup;
			children = (
				B2D8ABE11C64408800E9E439 /* FileUtil.h */,
				B2D8ABE21C64408800E9E439 /* FileUtil.m */,
				B2D8ABE31C64408800E9E439 /* HPDocManager.h */,
				B2D8ABE41C64408800E9E439 /* HPDocManager.m */,
				B2D8ABE51C64408800E9E439 /* NSUserDefaults+Standard.h */,
				B2D8ABE61C64408800E9E439 /* NSUserDefaults+Standard.m */,
			);
			path = HPDocManager;
			sourceTree = "<group>";
		};
		B2E602E81C3D00C3009F97B4 /* HPBaseViewCotroller */ = {
			isa = PBXGroup;
			children = (
				B2E602E91C3D00C3009F97B4 /* HPIphoneBaseViewController.h */,
				B2E602EA1C3D00C3009F97B4 /* HPIphoneBaseViewController.m */,
			);
			path = HPBaseViewCotroller;
			sourceTree = "<group>";
		};
		B2E602EB1C3D00C3009F97B4 /* HPHttpServer */ = {
			isa = PBXGroup;
			children = (
				B2E602EC1C3D00C3009F97B4 /* HPHttpServerRequest.h */,
				B2E602ED1C3D00C3009F97B4 /* HPHttpServerRequest.m */,
			);
			path = HPHttpServer;
			sourceTree = "<group>";
		};
		B2E602EE1C3D00C3009F97B4 /* PullingRefreshTableView */ = {
			isa = PBXGroup;
			children = (
				B2E602EF1C3D00C3009F97B4 /* blueArrow@2x.png */,
				B2E602F01C3D00C3009F97B4 /* blueArrowDown@2x.png */,
				B2E602F11C3D00C3009F97B4 /* PullingRefreshTableView.h */,
				B2E602F21C3D00C3009F97B4 /* PullingRefreshTableView.m */,
			);
			path = PullingRefreshTableView;
			sourceTree = "<group>";
		};
		C0D9687584AC9525B5538067 /* Pods */ = {
			isa = PBXGroup;
			children = (
				9B112369ECD8620859792757 /* Pods.debug.xcconfig */,
				873A956EC91B750713E3C29C /* Pods.release.xcconfig */,
			);
			name = Pods;
			sourceTree = "<group>";
		};
/* End PBXGroup section */

/* Begin PBXNativeTarget section */
		B288310D1C23E7F900A99181 /* HPLabraryProject */ = {
			isa = PBXNativeTarget;
			buildConfigurationList = B288313B1C23E7FA00A99181 /* Build configuration list for PBXNativeTarget "HPLabraryProject" */;
			buildPhases = (
				1B075783CE544E5388DC0FE5 /* Check Pods Manifest.lock */,
				B288310A1C23E7F900A99181 /* Sources */,
				B288310B1C23E7F900A99181 /* Frameworks */,
				B288310C1C23E7F900A99181 /* Resources */,
				2D6F74273C843F745968A029 /* Copy Pods Resources */,
			);
			buildRules = (
			);
			dependencies = (
			);
			name = HPLabraryProject;
			productName = HPLabraryProject;
			productReference = B288310E1C23E7F900A99181 /* HPLabraryProject.app */;
			productType = "com.apple.product-type.application";
		};
		B28831261C23E7F900A99181 /* HPLabraryProjectTests */ = {
			isa = PBXNativeTarget;
			buildConfigurationList = B288313E1C23E7FA00A99181 /* Build configuration list for PBXNativeTarget "HPLabraryProjectTests" */;
			buildPhases = (
				B28831231C23E7F900A99181 /* Sources */,
				B28831241C23E7F900A99181 /* Frameworks */,
				B28831251C23E7F900A99181 /* Resources */,
			);
			buildRules = (
			);
			dependencies = (
				B28831291C23E7F900A99181 /* PBXTargetDependency */,
			);
			name = HPLabraryProjectTests;
			productName = HPLabraryProjectTests;
			productReference = B28831271C23E7F900A99181 /* HPLabraryProjectTests.xctest */;
			productType = "com.apple.product-type.bundle.unit-test";
		};
		B28831311C23E7FA00A99181 /* HPLabraryProjectUITests */ = {
			isa = PBXNativeTarget;
			buildConfigurationList = B28831411C23E7FA00A99181 /* Build configuration list for PBXNativeTarget "HPLabraryProjectUITests" */;
			buildPhases = (
				B288312E1C23E7FA00A99181 /* Sources */,
				B288312F1C23E7FA00A99181 /* Frameworks */,
				B28831301C23E7FA00A99181 /* Resources */,
			);
			buildRules = (
			);
			dependencies = (
				B28831341C23E7FA00A99181 /* PBXTargetDependency */,
			);
			name = HPLabraryProjectUITests;
			productName = HPLabraryProjectUITests;
			productReference = B28831321C23E7FA00A99181 /* HPLabraryProjectUITests.xctest */;
			productType = "com.apple.product-type.bundle.ui-testing";
		};
/* End PBXNativeTarget section */

/* Begin PBXProject section */
		B28831061C23E7F900A99181 /* Project object */ = {
			isa = PBXProject;
			attributes = {
				LastUpgradeCheck = 0710;
				ORGANIZATIONNAME = "王辉平";
				TargetAttributes = {
					B288310D1C23E7F900A99181 = {
						CreatedOnToolsVersion = 7.1.1;
					};
					B28831261C23E7F900A99181 = {
						CreatedOnToolsVersion = 7.1.1;
						TestTargetID = B288310D1C23E7F900A99181;
					};
					B28831311C23E7FA00A99181 = {
						CreatedOnToolsVersion = 7.1.1;
						TestTargetID = B288310D1C23E7F900A99181;
					};
				};
			};
			buildConfigurationList = B28831091C23E7F900A99181 /* Build configuration list for PBXProject "HPLabraryProject" */;
			compatibilityVersion = "Xcode 3.2";
			developmentRegion = English;
			hasScannedForEncodings = 0;
			knownRegions = (
				en,
				Base,
			);
			mainGroup = B28831051C23E7F900A99181;
			productRefGroup = B288310F1C23E7F900A99181 /* Products */;
			projectDirPath = "";
			projectRoot = "";
			targets = (
				B288310D1C23E7F900A99181 /* HPLabraryProject */,
				B28831261C23E7F900A99181 /* HPLabraryProjectTests */,
				B28831311C23E7FA00A99181 /* HPLabraryProjectUITests */,
			);
		};
/* End PBXProject section */

/* Begin PBXResourcesBuildPhase section */
		B288310C1C23E7F900A99181 /* Resources */ = {
			isa = PBXResourcesBuildPhase;
			buildActionMask = 2147483647;
			files = (
				567ED4141E0279E600405CF1 /* nk__5.jpg in Resources */,
				567ED4121E0279E600405CF1 /* nk__3.jpg in Resources */,
				567ED4101E0279E600405CF1 /* nk__10.jpg in Resources */,
				567ED40F1E0279E600405CF1 /* nk__1.jpg in Resources */,
				B2E602F51C3D00C3009F97B4 /* blueArrow@2x.png in Resources */,
				B28831211C23E7F900A99181 /* LaunchScreen.storyboard in Resources */,
				B22433D61C27F0CF00C6FB7A /* Main_Ipad.storyboard in Resources */,
				56538F031DFFF8FF002A7F1C /* dbal_2.jpg in Resources */,
				56538F061DFFF8FF002A7F1C /* dbal_5.jpg in Resources */,
				56538F041DFFF8FF002A7F1C /* dbal_3.jpg in Resources */,
				B2DF11941C869237003653DD /* Resource in Resources */,
				567ED4161E0279E600405CF1 /* nk__7.jpg in Resources */,
				567ED4111E0279E600405CF1 /* nk__2.jpg in Resources */,
				567ED4131E0279E600405CF1 /* nk__4.jpg in Resources */,
				B2D8ABBE1C643B8600E9E439 /* MJRefresh.bundle in Resources */,
				567ED4171E0279E600405CF1 /* nk__8.jpg in Resources */,
				56538F021DFFF8FF002A7F1C /* dbal_1.jpg in Resources */,
				567ED4151E0279E600405CF1 /* nk__6.jpg in Resources */,
				567ED40E1E0279E600405CF1 /* nk__0.jpg in Resources */,
				56538F071DFFF8FF002A7F1C /* dbal_6.jpg in Resources */,
				B288311E1C23E7F900A99181 /* Assets.xcassets in Resources */,
				567ED4181E0279E600405CF1 /* nk__9.jpg in Resources */,
				B2E602F61C3D00C3009F97B4 /* blueArrowDown@2x.png in Resources */,
				B288311C1C23E7F900A99181 /* Main_Iphone.storyboard in Resources */,
				56538F051DFFF8FF002A7F1C /* dbal_4.jpg in Resources */,
			);
			runOnlyForDeploymentPostprocessing = 0;
		};
		B28831251C23E7F900A99181 /* Resources */ = {
			isa = PBXResourcesBuildPhase;
			buildActionMask = 2147483647;
			files = (
			);
			runOnlyForDeploymentPostprocessing = 0;
		};
		B28831301C23E7FA00A99181 /* Resources */ = {
			isa = PBXResourcesBuildPhase;
			buildActionMask = 2147483647;
			files = (
			);
			runOnlyForDeploymentPostprocessing = 0;
		};
/* End PBXResourcesBuildPhase section */

/* Begin PBXShellScriptBuildPhase section */
		1B075783CE544E5388DC0FE5 /* Check Pods Manifest.lock */ = {
			isa = PBXShellScriptBuildPhase;
			buildActionMask = 2147483647;
			files = (
			);
			inputPaths = (
			);
			name = "Check Pods Manifest.lock";
			outputPaths = (
			);
			runOnlyForDeploymentPostprocessing = 0;
			shellPath = /bin/sh;
			shellScript = "diff \"${PODS_ROOT}/../Podfile.lock\" \"${PODS_ROOT}/Manifest.lock\" > /dev/null\nif [[ $? != 0 ]] ; then\n    cat << EOM\nerror: The sandbox is not in sync with the Podfile.lock. Run 'pod install' or update your CocoaPods installation.\nEOM\n    exit 1\nfi\n";
			showEnvVarsInLog = 0;
		};
		2D6F74273C843F745968A029 /* Copy Pods Resources */ = {
			isa = PBXShellScriptBuildPhase;
			buildActionMask = 2147483647;
			files = (
			);
			inputPaths = (
			);
			name = "Copy Pods Resources";
			outputPaths = (
			);
			runOnlyForDeploymentPostprocessing = 0;
			shellPath = /bin/sh;
			shellScript = "\"${SRCROOT}/Pods/Target Support Files/Pods/Pods-resources.sh\"\n";
			showEnvVarsInLog = 0;
		};
/* End PBXShellScriptBuildPhase section */

/* Begin PBXSourcesBuildPhase section */
		B288310A1C23E7F900A99181 /* Sources */ = {
			isa = PBXSourcesBuildPhase;
			buildActionMask = 2147483647;
			files = (
				567ED3F51E0242B000405CF1 /* IpadIndexTableViewController.m in Sources */,
				B288317C1C23F62A00A99181 /* UIColor+Hex.m in Sources */,
				B2D8ABE91C64408800E9E439 /* NSUserDefaults+Standard.m in Sources */,
				567ED3F21E0242B000405CF1 /* HPScrollImageController.m in Sources */,
				B288317F1C23F62A00A99181 /* UIViewExt.m in Sources */,
				B2D8ABE71C64408800E9E439 /* FileUtil.m in Sources */,
				B2D8ABDE1C64406100E9E439 /* PanoramaVCCache.m in Sources */,
				B28831161C23E7F900A99181 /* AppDelegate.m in Sources */,
				567ED4011E02772F00405CF1 /* HPImageSequence.m in Sources */,
				B28831761C23F62A00A99181 /* NSDate+CovertDate.m in Sources */,
				B28831771C23F62A00A99181 /* NSString+AlertView.m in Sources */,
				B288317B1C23F62A00A99181 /* UIButton+TitleWithImg.m in Sources */,
				B2D8ABC01C643B8600E9E439 /* MJRefreshConst.m in Sources */,
				B288317A1C23F62A00A99181 /* NSString+NetWork.m in Sources */,
				B2C4078B1C2D1073006FAA9C /* HPZoomView.m in Sources */,
				B2E602F71C3D00C3009F97B4 /* PullingRefreshTableView.m in Sources */,
				B2D8ABDF1C64406100E9E439 /* PanoWebVC.m in Sources */,
				567ED3FE1E026F3800405CF1 /* Ipad720ViewController.m in Sources */,
				B258DB241C2BEC47009EE819 /* HPCycleScrollView.m in Sources */,
				567ED3F31E0242B000405CF1 /* HPZoomViewController.m in Sources */,
				567ED3F81E0242CD00405CF1 /* IpadIndexTableViewModel.m in Sources */,
				B2E602F31C3D00C3009F97B4 /* HPIphoneBaseViewController.m in Sources */,
				567ED41B1E027A0700405CF1 /* IpadSanWeiShowViewController.m in Sources */,
				B2E602F41C3D00C3009F97B4 /* HPHttpServerRequest.m in Sources */,
				B288317D1C23F62A00A99181 /* UIImage+RgbForImage.m in Sources */,
				567ED3FB1E024A6700405CF1 /* HPIpadBaseViewController.m in Sources */,
				B2D8ABBD1C643B8600E9E439 /* FDActionSheet.m in Sources */,
				B2D8ABCE1C643E9700E9E439 /* HPTimeCheck.m in Sources */,
				56538F1B1DFFFACF002A7F1C /* IphoneIndexTableViewController.m in Sources */,
				B28831131C23E7F900A99181 /* main.m in Sources */,
				567ED3F11E0242B000405CF1 /* HPMovieViewController.m in Sources */,
				B2D8ABBF1C643B8600E9E439 /* MJRefreshBaseView.m in Sources */,
				B2D8ABC91C643BF500E9E439 /* HPManagerCache.m in Sources */,
				B2D8ABC11C643B8600E9E439 /* MJRefreshFooterView.m in Sources */,
				B288318C1C2401A600A99181 /* Reachability.m in Sources */,
				B2D8ABC21C643B8600E9E439 /* MJRefreshHeaderView.m in Sources */,
				B2D8ABE81C64408800E9E439 /* HPDocManager.m in Sources */,
				B2D77F3A1C759C860038DD09 /* UICKeyChainStore.m in Sources */,
				567ED3F41E0242B000405CF1 /* IpadCalculatorViewController.m in Sources */,
				B28A9E841C340AB7007B427D /* HPMRZoomScrollView.m in Sources */,
			);
			runOnlyForDeploymentPostprocessing = 0;
		};
		B28831231C23E7F900A99181 /* Sources */ = {
			isa = PBXSourcesBuildPhase;
			buildActionMask = 2147483647;
			files = (
				B288312C1C23E7F900A99181 /* HPLabraryProjectTests.m in Sources */,
			);
			runOnlyForDeploymentPostprocessing = 0;
		};
		B288312E1C23E7FA00A99181 /* Sources */ = {
			isa = PBXSourcesBuildPhase;
			buildActionMask = 2147483647;
			files = (
				B28831371C23E7FA00A99181 /* HPLabraryProjectUITests.m in Sources */,
			);
			runOnlyForDeploymentPostprocessing = 0;
		};
/* End PBXSourcesBuildPhase section */

/* Begin PBXTargetDependency section */
		B28831291C23E7F900A99181 /* PBXTargetDependency */ = {
			isa = PBXTargetDependency;
			target = B288310D1C23E7F900A99181 /* HPLabraryProject */;
			targetProxy = B28831281C23E7F900A99181 /* PBXContainerItemProxy */;
		};
		B28831341C23E7FA00A99181 /* PBXTargetDependency */ = {
			isa = PBXTargetDependency;
			target = B288310D1C23E7F900A99181 /* HPLabraryProject */;
			targetProxy = B28831331C23E7FA00A99181 /* PBXContainerItemProxy */;
		};
/* End PBXTargetDependency section */

/* Begin PBXVariantGroup section */
		B22433D41C27F0CF00C6FB7A /* Main_Ipad.storyboard */ = {
			isa = PBXVariantGroup;
			children = (
				B22433D51C27F0CF00C6FB7A /* Base */,
			);
			name = Main_Ipad.storyboard;
			sourceTree = "<group>";
		};
		B288311A1C23E7F900A99181 /* Main_Iphone.storyboard */ = {
			isa = PBXVariantGroup;
			children = (
				B288311B1C23E7F900A99181 /* Base */,
			);
			name = Main_Iphone.storyboard;
			sourceTree = "<group>";
		};
		B288311F1C23E7F900A99181 /* LaunchScreen.storyboard */ = {
			isa = PBXVariantGroup;
			children = (
				B28831201C23E7F900A99181 /* Base */,
			);
			name = LaunchScreen.storyboard;
			sourceTree = "<group>";
		};
/* End PBXVariantGroup section */

/* Begin XCBuildConfiguration section */
		B28831391C23E7FA00A99181 /* Debug */ = {
			isa = XCBuildConfiguration;
			buildSettings = {
				ALWAYS_SEARCH_USER_PATHS = NO;
				CLANG_CXX_LANGUAGE_STANDARD = "gnu++0x";
				CLANG_CXX_LIBRARY = "libc++";
				CLANG_ENABLE_MODULES = YES;
				CLANG_ENABLE_OBJC_ARC = YES;
				CLANG_WARN_BOOL_CONVERSION = YES;
				CLANG_WARN_CONSTANT_CONVERSION = YES;
				CLANG_WARN_DIRECT_OBJC_ISA_USAGE = YES_ERROR;
				CLANG_WARN_EMPTY_BODY = YES;
				CLANG_WARN_ENUM_CONVERSION = YES;
				CLANG_WARN_INT_CONVERSION = YES;
				CLANG_WARN_OBJC_ROOT_CLASS = YES_ERROR;
				CLANG_WARN_UNREACHABLE_CODE = YES;
				CLANG_WARN__DUPLICATE_METHOD_MATCH = YES;
				"CODE_SIGN_IDENTITY[sdk=iphoneos*]" = "iPhone Developer";
				COPY_PHASE_STRIP = NO;
				DEBUG_INFORMATION_FORMAT = dwarf;
				ENABLE_STRICT_OBJC_MSGSEND = YES;
				ENABLE_TESTABILITY = YES;
				GCC_C_LANGUAGE_STANDARD = gnu99;
				GCC_DYNAMIC_NO_PIC = NO;
				GCC_NO_COMMON_BLOCKS = YES;
				GCC_OPTIMIZATION_LEVEL = 0;
				GCC_PREPROCESSOR_DEFINITIONS = (
					"DEBUG=1",
					"$(inherited)",
				);
				GCC_WARN_64_TO_32_BIT_CONVERSION = YES;
				GCC_WARN_ABOUT_RETURN_TYPE = YES_ERROR;
				GCC_WARN_UNDECLARED_SELECTOR = YES;
				GCC_WARN_UNINITIALIZED_AUTOS = YES_AGGRESSIVE;
				GCC_WARN_UNUSED_FUNCTION = YES;
				GCC_WARN_UNUSED_VARIABLE = YES;
				IPHONEOS_DEPLOYMENT_TARGET = 7.0;
				MTL_ENABLE_DEBUG_INFO = YES;
				ONLY_ACTIVE_ARCH = YES;
				SDKROOT = iphoneos;
			};
			name = Debug;
		};
		B288313A1C23E7FA00A99181 /* Release */ = {
			isa = XCBuildConfiguration;
			buildSettings = {
				ALWAYS_SEARCH_USER_PATHS = NO;
				CLANG_CXX_LANGUAGE_STANDARD = "gnu++0x";
				CLANG_CXX_LIBRARY = "libc++";
				CLANG_ENABLE_MODULES = YES;
				CLANG_ENABLE_OBJC_ARC = YES;
				CLANG_WARN_BOOL_CONVERSION = YES;
				CLANG_WARN_CONSTANT_CONVERSION = YES;
				CLANG_WARN_DIRECT_OBJC_ISA_USAGE = YES_ERROR;
				CLANG_WARN_EMPTY_BODY = YES;
				CLANG_WARN_ENUM_CONVERSION = YES;
				CLANG_WARN_INT_CONVERSION = YES;
				CLANG_WARN_OBJC_ROOT_CLASS = YES_ERROR;
				CLANG_WARN_UNREACHABLE_CODE = YES;
				CLANG_WARN__DUPLICATE_METHOD_MATCH = YES;
				"CODE_SIGN_IDENTITY[sdk=iphoneos*]" = "iPhone Developer";
				COPY_PHASE_STRIP = NO;
				DEBUG_INFORMATION_FORMAT = "dwarf-with-dsym";
				ENABLE_NS_ASSERTIONS = NO;
				ENABLE_STRICT_OBJC_MSGSEND = YES;
				GCC_C_LANGUAGE_STANDARD = gnu99;
				GCC_NO_COMMON_BLOCKS = YES;
				GCC_WARN_64_TO_32_BIT_CONVERSION = YES;
				GCC_WARN_ABOUT_RETURN_TYPE = YES_ERROR;
				GCC_WARN_UNDECLARED_SELECTOR = YES;
				GCC_WARN_UNINITIALIZED_AUTOS = YES_AGGRESSIVE;
				GCC_WARN_UNUSED_FUNCTION = YES;
				GCC_WARN_UNUSED_VARIABLE = YES;
				IPHONEOS_DEPLOYMENT_TARGET = 7.0;
				MTL_ENABLE_DEBUG_INFO = NO;
				SDKROOT = iphoneos;
				VALIDATE_PRODUCT = YES;
			};
			name = Release;
		};
		B288313C1C23E7FA00A99181 /* Debug */ = {
			isa = XCBuildConfiguration;
			baseConfigurationReference = 9B112369ECD8620859792757 /* Pods.debug.xcconfig */;
			buildSettings = {
				ASSETCATALOG_COMPILER_APPICON_NAME = AppIcon;
				CODE_SIGN_IDENTITY = "iPhone Developer: tianqiong Liu (F7URK6W8EV)";
				GCC_PRECOMPILE_PREFIX_HEADER = YES;
				GCC_PREFIX_HEADER = "$(SRCROOT)/HPLabraryProject/pch/HPPrefixHeader.pch";
				INFOPLIST_FILE = HPLabraryProject/Info.plist;
				IPHONEOS_DEPLOYMENT_TARGET = 7.0;
				LD_RUNPATH_SEARCH_PATHS = "$(inherited) @executable_path/Frameworks";
				PRODUCT_BUNDLE_IDENTIFIER = com.smi.HPLabraryProject;
				PRODUCT_NAME = "$(TARGET_NAME)";
				PROVISIONING_PROFILE = "e14d3020-69da-413c-ae97-bc2d8a6adcc4";
				TARGETED_DEVICE_FAMILY = "1,2";
			};
			name = Debug;
		};
		B288313D1C23E7FA00A99181 /* Release */ = {
			isa = XCBuildConfiguration;
			baseConfigurationReference = 873A956EC91B750713E3C29C /* Pods.release.xcconfig */;
			buildSettings = {
				ASSETCATALOG_COMPILER_APPICON_NAME = AppIcon;
				CODE_SIGN_IDENTITY = "iPhone Developer: tianqiong Liu (F7URK6W8EV)";
				GCC_PRECOMPILE_PREFIX_HEADER = YES;
				GCC_PREFIX_HEADER = "$(SRCROOT)/HPLabraryProject/pch/HPPrefixHeader.pch";
				INFOPLIST_FILE = HPLabraryProject/Info.plist;
				IPHONEOS_DEPLOYMENT_TARGET = 7.0;
				LD_RUNPATH_SEARCH_PATHS = "$(inherited) @executable_path/Frameworks";
				PRODUCT_BUNDLE_IDENTIFIER = com.smi.HPLabraryProject;
				PRODUCT_NAME = "$(TARGET_NAME)";
				PROVISIONING_PROFILE = "e14d3020-69da-413c-ae97-bc2d8a6adcc4";
				TARGETED_DEVICE_FAMILY = "1,2";
			};
			name = Release;
		};
		B288313F1C23E7FA00A99181 /* Debug */ = {
			isa = XCBuildConfiguration;
			buildSettings = {
				BUNDLE_LOADER = "$(TEST_HOST)";
				INFOPLIST_FILE = HPLabraryProjectTests/Info.plist;
				LD_RUNPATH_SEARCH_PATHS = "$(inherited) @executable_path/Frameworks @loader_path/Frameworks";
				PRODUCT_BUNDLE_IDENTIFIER = com.smi.HPLabraryProjectTests;
				PRODUCT_NAME = "$(TARGET_NAME)";
				TEST_HOST = "$(BUILT_PRODUCTS_DIR)/HPLabraryProject.app/HPLabraryProject";
			};
			name = Debug;
		};
		B28831401C23E7FA00A99181 /* Release */ = {
			isa = XCBuildConfiguration;
			buildSettings = {
				BUNDLE_LOADER = "$(TEST_HOST)";
				INFOPLIST_FILE = HPLabraryProjectTests/Info.plist;
				LD_RUNPATH_SEARCH_PATHS = "$(inherited) @executable_path/Frameworks @loader_path/Frameworks";
				PRODUCT_BUNDLE_IDENTIFIER = com.smi.HPLabraryProjectTests;
				PRODUCT_NAME = "$(TARGET_NAME)";
				TEST_HOST = "$(BUILT_PRODUCTS_DIR)/HPLabraryProject.app/HPLabraryProject";
			};
			name = Release;
		};
		B28831421C23E7FA00A99181 /* Debug */ = {
			isa = XCBuildConfiguration;
			buildSettings = {
				INFOPLIST_FILE = HPLabraryProjectUITests/Info.plist;
				LD_RUNPATH_SEARCH_PATHS = "$(inherited) @executable_path/Frameworks @loader_path/Frameworks";
				PRODUCT_BUNDLE_IDENTIFIER = com.smi.HPLabraryProjectUITests;
				PRODUCT_NAME = "$(TARGET_NAME)";
				TEST_TARGET_NAME = HPLabraryProject;
				USES_XCTRUNNER = YES;
			};
			name = Debug;
		};
		B28831431C23E7FA00A99181 /* Release */ = {
			isa = XCBuildConfiguration;
			buildSettings = {
				INFOPLIST_FILE = HPLabraryProjectUITests/Info.plist;
				LD_RUNPATH_SEARCH_PATHS = "$(inherited) @executable_path/Frameworks @loader_path/Frameworks";
				PRODUCT_BUNDLE_IDENTIFIER = com.smi.HPLabraryProjectUITests;
				PRODUCT_NAME = "$(TARGET_NAME)";
				TEST_TARGET_NAME = HPLabraryProject;
				USES_XCTRUNNER = YES;
			};
			name = Release;
		};
/* End XCBuildConfiguration section */

/* Begin XCConfigurationList section */
		B28831091C23E7F900A99181 /* Build configuration list for PBXProject "HPLabraryProject" */ = {
			isa = XCConfigurationList;
			buildConfigurations = (
				B28831391C23E7FA00A99181 /* Debug */,
				B288313A1C23E7FA00A99181 /* Release */,
			);
			defaultConfigurationIsVisible = 0;
			defaultConfigurationName = Release;
		};
		B288313B1C23E7FA00A99181 /* Build configuration list for PBXNativeTarget "HPLabraryProject" */ = {
			isa = XCConfigurationList;
			buildConfigurations = (
				B288313C1C23E7FA00A99181 /* Debug */,
				B288313D1C23E7FA00A99181 /* Release */,
			);
			defaultConfigurationIsVisible = 0;
			defaultConfigurationName = Release;
		};
		B288313E1C23E7FA00A99181 /* Build configuration list for PBXNativeTarget "HPLabraryProjectTests" */ = {
			isa = XCConfigurationList;
			buildConfigurations = (
				B288313F1C23E7FA00A99181 /* Debug */,
				B28831401C23E7FA00A99181 /* Release */,
			);
			defaultConfigurationIsVisible = 0;
			defaultConfigurationName = Release;
		};
		B28831411C23E7FA00A99181 /* Build configuration list for PBXNativeTarget "HPLabraryProjectUITests" */ = {
			isa = XCConfigurationList;
			buildConfigurations = (
				B28831421C23E7FA00A99181 /* Debug */,
				B28831431C23E7FA00A99181 /* Release */,
			);
			defaultConfigurationIsVisible = 0;
			defaultConfigurationName = Release;
		};
/* End XCConfigurationList section */
	};
	rootObject = B28831061C23E7F900A99181 /* Project object */;
}
